
Microsoft Visual Studio Solution File, Format Version 12.00
# Visual Studio 15
VisualStudioVersion = 15.0.27428.2015
MinimumVisualStudioVersion = 10.0.40219.1
Project("{FAE04EC0-301F-11D3-BF4B-00C04F79EFBC}") = "QRDecoderEncoder", "QRDecoderEncoder\QRDecoderEncoder.csproj", "{FEC36648-72E0-4DF5-A140-5F59A830C53C}"
EndProject
Global
	GlobalSection(SolutionConfigurationPlatforms) = preSolution
		Debug|Any CPU = Debug|Any CPU
		Release|Any CPU = Release|Any CPU
	EndGlobalSection
	GlobalSection(ProjectConfigurationPlatforms) = postSolution
		{FEC36648-72E0-4DF5-A140-5F59A830C53C}.Debug|Any CPU.ActiveCfg = Debug|Any CPU
		{FEC36648-72E0-4DF5-A140-5F59A830C53C}.Debug|Any CPU.Build.0 = Debug|Any CPU
		{FEC36648-72E0-4DF5-A140-5F59A830C53C}.Release|Any CPU.ActiveCfg = Release|Any CPU
		{FEC36648-72E0-4DF5-A140-5F59A830C53C}.Release|Any CPU.Build.0 = Release|Any CPU
	EndGlobalSection
	GlobalSection(SolutionProperties) = preSolution
		HideSolutionNode = FALSE
	EndGlobalSection
	GlobalSection(ExtensibilityGlobals) = postSolution
		SolutionGuid = {DC585040-D0C6-43FC-9774-CF9B7B50BF58}
	EndGlobalSection
EndGlobal
